{
    "_meta": {
        "hash": {
            "sha256": "6932d3683705df0203f4d41a10b2b19d864c95fea7878e1cb59803a4f707dcdd"
        },
        "pipfile-spec": 1,
        "requires": {
            "python_version": "3.6"
        },
        "sources": [
            {
                "name": "pypi",
                "url": "https://pypi.python.org/simple",
                "verify_ssl": true
            }
        ]
    },
    "default": {},
    "develop": {
        "atomicwrites": {
            "version": "==1.1.5"
        },
        "attrs": {
            "version": "==18.1.0"
        },
        "more-itertools": {
            "version": "==4.3.0"
        },
        "pluggy": {
            "version": "==0.7.1"
        },
        "py": {
            "version": "==1.5.4"
        },
        "pytest": {
            "version": "==3.7.0"
        },
        "pytest-runner": {
            "version": "==4.2"
        },
        "six": {
            "version": "==1.11.0"
        }
    }
}
